<Solution>
  <Folder Name="/solution/">
    <File Path="AGENTS.md" />
    <File Path="Directory.Build.props" />
    <File Path="Directory.Packages.props" />
    <File Path="README.md" />
  </Folder>
  <Folder Name="/src/">
    <Project Path="src/MacroLink/MacroLink.csproj" />
  </Folder>
  <Folder Name="/tests/">
    <Project Path="tests/MacroLink.Tests/MacroLink.Tests.csproj" />
  </Folder>
</Solution>
